// !$*UTF8*$!
{
	archiveVersion = 1;
	classes = {
	};
	objectVersion = 56;
	objects = {

/* Begin PBXBuildFile section */
		BD99FEB62B60023D006DADC9 /* CarCustomiserSwiftApp.swift in Sources */ = {isa = PBXBuildFile; fileRef = BD99FEB52B60023D006DADC9 /* CarCustomiserSwiftApp.swift */; };
		BD99FEB82B60023D006DADC9 /* ContentView.swift in Sources */ = {isa = PBXBuildFile; fileRef = BD99FEB72B60023D006DADC9 /* ContentView.swift */; };
		BD99FEBA2B60023F006DADC9 /* Assets.xcassets in Resources */ = {isa = PBXBuildFile; fileRef = BD99FEB92B60023F006DADC9 /* Assets.xcassets */; };
		BD99FEBD2B60023F006DADC9 /* Preview Assets.xcassets in Resources */ = {isa = PBXBuildFile; fileRef = BD99FEBC2B60023F006DADC9 /* Preview Assets.xcassets */; };
		BD99FEC72B600240006DADC9 /* CarCustomiserSwiftTests.swift in Sources */ = {isa = PBXBuildFile; fileRef = BD99FEC62B600240006DADC9 /* CarCustomiserSwiftTests.swift */; };
		BD99FED12B600240006DADC9 /* CarCustomiserSwiftUITests.swift in Sources */ = {isa = PBXBuildFile; fileRef = BD99FED02B600240006DADC9 /* CarCustomiserSwiftUITests.swift */; };
		BD99FED32B600240006DADC9 /* CarCustomiserSwiftUITestsLaunchTests.swift in Sources */ = {isa = PBXBuildFile; fileRef = BD99FED22B600240006DADC9 /* CarCustomiserSwiftUITestsLaunchTests.swift */; };
		BD99FEE12B600259006DADC9 /* Car.swift in Sources */ = {isa = PBXBuildFile; fileRef = BD99FEE02B600259006DADC9 /* Car.swift */; };
/* End PBXBuildFile section */

/* Begin PBXContainerItemProxy section */
		BD99FEC32B600240006DADC9 /* PBXContainerItemProxy */ = {
			isa = PBXContainerItemProxy;
			containerPortal = BD99FEAA2B60023D006DADC9 /* Project object */;
			proxyType = 1;
			remoteGlobalIDString = BD99FEB12B60023D006DADC9;
			remoteInfo = CarCustomiserSwift;
		};
		BD99FECD2B600240006DADC9 /* PBXContainerItemProxy */ = {
			isa = PBXContainerItemProxy;
			containerPortal = BD99FEAA2B60023D006DADC9 /* Project object */;
			proxyType = 1;
			remoteGlobalIDString = BD99FEB12B60023D006DADC9;
			remoteInfo = CarCustomiserSwift;
		};
/* End PBXContainerItemProxy section */

/* Begin PBXFileReference section */
		BD99FEB22B60023D006DADC9 /* CarCustomiserSwift.app */ = {isa = PBXFileReference; explicitFileType = wrapper.application; includeInIndex = 0; path = CarCustomiserSwift.app; sourceTree = BUILT_PRODUCTS_DIR; };
		BD99FEB52B60023D006DADC9 /* CarCustomiserSwiftApp.swift */ = {isa = PBXFileReference; lastKnownFileType = sourcecode.swift; path = CarCustomiserSwiftApp.swift; sourceTree = "<group>"; };
		BD99FEB72B60023D006DADC9 /* ContentView.swift */ = {isa = PBXFileReference; lastKnownFileType = sourcecode.swift; path = ContentView.swift; sourceTree = "<group>"; };
		BD99FEB92B60023F006DADC9 /* Assets.xcassets */ = {isa = PBXFileReference; lastKnownFileType = folder.assetcatalog; path = Assets.xcassets; sourceTree = "<group>"; };
		BD99FEBC2B60023F006DADC9 /* Preview Assets.xcassets */ = {isa = PBXFileReference; lastKnownFileType = folder.assetcatalog; path = "Preview Assets.xcassets"; sourceTree = "<group>"; };
		BD99FEC22B600240006DADC9 /* CarCustomiserSwiftTests.xctest */ = {isa = PBXFileReference; explicitFileType = wrapper.cfbundle; includeInIndex = 0; path = CarCustomiserSwiftTests.xctest; sourceTree = BUILT_PRODUCTS_DIR; };
		BD99FEC62B600240006DADC9 /* CarCustomiserSwiftTests.swift */ = {isa = PBXFileReference; lastKnownFileType = sourcecode.swift; path = CarCustomiserSwiftTests.swift; sourceTree = "<group>"; };
		BD99FECC2B600240006DADC9 /* CarCustomiserSwiftUITests.xctest */ = {isa = PBXFileReference; explicitFileType = wrapper.cfbundle; includeInIndex = 0; path = CarCustomiserSwiftUITests.xctest; sourceTree = BUILT_PRODUCTS_DIR; };
		BD99FED02B600240006DADC9 /* CarCustomiserSwiftUITests.swift */ = {isa = PBXFileReference; lastKnownFileType = sourcecode.swift; path = CarCustomiserSwiftUITests.swift; sourceTree = "<group>"; };
		BD99FED22B600240006DADC9 /* CarCustomiserSwiftUITestsLaunchTests.swift */ = {isa = PBXFileReference; lastKnownFileType = sourcecode.swift; path = CarCustomiserSwiftUITestsLaunchTests.swift; sourceTree = "<group>"; };
		BD99FEE02B600259006DADC9 /* Car.swift */ = {isa = PBXFileReference; lastKnownFileType = sourcecode.swift; path = Car.swift; sourceTree = "<group>"; };
/* End PBXFileReference section */

/* Begin PBXFrameworksBuildPhase section */
		BD99FEAF2B60023D006DADC9 /* Frameworks */ = {
			isa = PBXFrameworksBuildPhase;
			buildActionMask = 2147483647;
			files = (
			);
			runOnlyForDeploymentPostprocessing = 0;
		};
		BD99FEBF2B600240006DADC9 /* Frameworks */ = {
			isa = PBXFrameworksBuildPhase;
			buildActionMask = 2147483647;
			files = (
			);
			runOnlyForDeploymentPostprocessing = 0;
		};
		BD99FEC92B600240006DADC9 /* Frameworks */ = {
			isa = PBXFrameworksBuildPhase;
			buildActionMask = 2147483647;
			files = (
			);
			runOnlyForDeploymentPostprocessing = 0;
		};
/* End PBXFrameworksBuildPhase section */

/* Begin PBXGroup section */
		BD99FEA92B60023D006DADC9 = {
			isa = PBXGroup;
			children = (
				BD99FEB42B60023D006DADC9 /* CarCustomiserSwift */,
				BD99FEC52B600240006DADC9 /* CarCustomiserSwiftTests */,
				BD99FECF2B600240006DADC9 /* CarCustomiserSwiftUITests */,
				BD99FEB32B60023D006DADC9 /* Products */,
			);
			sourceTree = "<group>";
		};
		BD99FEB32B60023D006DADC9 /* Products */ = {
			isa = PBXGroup;
			children = (
				BD99FEB22B60023D006DADC9 /* CarCustomiserSwift.app */,
				BD99FEC22B600240006DADC9 /* CarCustomiserSwiftTests.xctest */,
				BD99FECC2B600240006DADC9 /* CarCustomiserSwiftUITests.xctest */,
			);
			name = Products;
			sourceTree = "<group>";
		};
		BD99FEB42B60023D006DADC9 /* CarCustomiserSwift */ = {
			isa = PBXGroup;
			children = (
				BD99FEDF2B60024B006DADC9 /* Models */,
				BD99FEB52B60023D006DADC9 /* CarCustomiserSwiftApp.swift */,
				BD99FEB72B60023D006DADC9 /* ContentView.swift */,
				BD99FEB92B60023F006DADC9 /* Assets.xcassets */,
				BD99FEBB2B60023F006DADC9 /* Preview Content */,
			);
			path = CarCustomiserSwift;
			sourceTree = "<group>";
		};
		BD99FEBB2B60023F006DADC9 /* Preview Content */ = {
			isa = PBXGroup;
			children = (
				BD99FEBC2B60023F006DADC9 /* Preview Assets.xcassets */,
			);
			path = "Preview Content";
			sourceTree = "<group>";
		};
		BD99FEC52B600240006DADC9 /* CarCustomiserSwiftTests */ = {
			isa = PBXGroup;
			children = (
				BD99FEC62B600240006DADC9 /* CarCustomiserSwiftTests.swift */,
			);
			path = CarCustomiserSwiftTests;
			sourceTree = "<group>";
		};
		BD99FECF2B600240006DADC9 /* CarCustomiserSwiftUITests */ = {
			isa = PBXGroup;
			children = (
				BD99FED02B600240006DADC9 /* CarCustomiserSwiftUITests.swift */,
				BD99FED22B600240006DADC9 /* CarCustomiserSwiftUITestsLaunchTests.swift */,
			);
			path = CarCustomiserSwiftUITests;
			sourceTree = "<group>";
		};
		BD99FEDF2B60024B006DADC9 /* Models */ = {
			isa = PBXGroup;
			children = (
				BD99FEE02B600259006DADC9 /* Car.swift */,
			);
			path = Models;
			sourceTree = "<group>";
		};
/* End PBXGroup section */

/* Begin PBXNativeTarget section */
		BD99FEB12B60023D006DADC9 /* CarCustomiserSwift */ = {
			isa = PBXNativeTarget;
			buildConfigurationList = BD99FED62B600240006DADC9 /* Build configuration list for PBXNativeTarget "CarCustomiserSwift" */;
			buildPhases = (
				BD99FEAE2B60023D006DADC9 /* Sources */,
				BD99FEAF2B60023D006DADC9 /* Frameworks */,
				BD99FEB02B60023D006DADC9 /* Resources */,
			);
			buildRules = (
			);
			dependencies = (
			);
			name = CarCustomiserSwift;
			productName = CarCustomiserSwift;
			productReference = BD99FEB22B60023D006DADC9 /* CarCustomiserSwift.app */;
			productType = "com.apple.product-type.application";
		};
		BD99FEC12B600240006DADC9 /* CarCustomiserSwiftTests */ = {
			isa = PBXNativeTarget;
			buildConfigurationList = BD99FED92B600240006DADC9 /* Build configuration list for PBXNativeTarget "CarCustomiserSwiftTests" */;
			buildPhases = (
				BD99FEBE2B600240006DADC9 /* Sources */,
				BD99FEBF2B600240006DADC9 /* Frameworks */,
				BD99FEC02B600240006DADC9 /* Resources */,
			);
			buildRules = (
			);
			dependencies = (
				BD99FEC42B600240006DADC9 /* PBXTargetDependency */,
			);
			name = CarCustomiserSwiftTests;
			productName = CarCustomiserSwiftTests;
			productReference = BD99FEC22B600240006DADC9 /* CarCustomiserSwiftTests.xctest */;
			productType = "com.apple.product-type.bundle.unit-test";
		};
		BD99FECB2B600240006DADC9 /* CarCustomiserSwiftUITests */ = {
			isa = PBXNativeTarget;
			buildConfigurationList = BD99FEDC2B600240006DADC9 /* Build configuration list for PBXNativeTarget "CarCustomiserSwiftUITests" */;
			buildPhases = (
				BD99FEC82B600240006DADC9 /* Sources */,
				BD99FEC92B600240006DADC9 /* Frameworks */,
				BD99FECA2B600240006DADC9 /* Resources */,
			);
			buildRules = (
			);
			dependencies = (
				BD99FECE2B600240006DADC9 /* PBXTargetDependency */,
			);
			name = CarCustomiserSwiftUITests;
			productName = CarCustomiserSwiftUITests;
			productReference = BD99FECC2B600240006DADC9 /* CarCustomiserSwiftUITests.xctest */;
			productType = "com.apple.product-type.bundle.ui-testing";
		};
/* End PBXNativeTarget section */

/* Begin PBXProject section */
		BD99FEAA2B60023D006DADC9 /* Project object */ = {
			isa = PBXProject;
			attributes = {
				BuildIndependentTargetsInParallel = 1;
				LastSwiftUpdateCheck = 1520;
				LastUpgradeCheck = 1520;
				TargetAttributes = {
					BD99FEB12B60023D006DADC9 = {
						CreatedOnToolsVersion = 15.2;
					};
					BD99FEC12B600240006DADC9 = {
						CreatedOnToolsVersion = 15.2;
						TestTargetID = BD99FEB12B60023D006DADC9;
					};
					BD99FECB2B600240006DADC9 = {
						CreatedOnToolsVersion = 15.2;
						TestTargetID = BD99FEB12B60023D006DADC9;
					};
				};
			};
			buildConfigurationList = BD99FEAD2B60023D006DADC9 /* Build configuration list for PBXProject "CarCustomiserSwift" */;
			compatibilityVersion = "Xcode 14.0";
			developmentRegion = en;
			hasScannedForEncodings = 0;
			knownRegions = (
				en,
				Base,
			);
			mainGroup = BD99FEA92B60023D006DADC9;
			productRefGroup = BD99FEB32B60023D006DADC9 /* Products */;
			projectDirPath = "";
			projectRoot = "";
			targets = (
				BD99FEB12B60023D006DADC9 /* CarCustomiserSwift */,
				BD99FEC12B600240006DADC9 /* CarCustomiserSwiftTests */,
				BD99FECB2B600240006DADC9 /* CarCustomiserSwiftUITests */,
			);
		};
/* End PBXProject section */

/* Begin PBXResourcesBuildPhase section */
		BD99FEB02B60023D006DADC9 /* Resources */ = {
			isa = PBXResourcesBuildPhase;
			buildActionMask = 2147483647;
			files = (
				BD99FEBD2B60023F006DADC9 /* Preview Assets.xcassets in Resources */,
				BD99FEBA2B60023F006DADC9 /* Assets.xcassets in Resources */,
			);
			runOnlyForDeploymentPostprocessing = 0;
		};
		BD99FEC02B600240006DADC9 /* Resources */ = {
			isa = PBXResourcesBuildPhase;
			buildActionMask = 2147483647;
			files = (
			);
			runOnlyForDeploymentPostprocessing = 0;
		};
		BD99FECA2B600240006DADC9 /* Resources */ = {
			isa = PBXResourcesBuildPhase;
			buildActionMask = 2147483647;
			files = (
			);
			runOnlyForDeploymentPostprocessing = 0;
		};
/* End PBXResourcesBuildPhase section */

/* Begin PBXSourcesBuildPhase section */
		BD99FEAE2B60023D006DADC9 /* Sources */ = {
			isa = PBXSourcesBuildPhase;
			buildActionMask = 2147483647;
			files = (
				BD99FEB82B60023D006DADC9 /* ContentView.swift in Sources */,
				BD99FEB62B60023D006DADC9 /* CarCustomiserSwiftApp.swift in Sources */,
				BD99FEE12B600259006DADC9 /* Car.swift in Sources */,
			);
			runOnlyForDeploymentPostprocessing = 0;
		};
		BD99FEBE2B600240006DADC9 /* Sources */ = {
			isa = PBXSourcesBuildPhase;
			buildActionMask = 2147483647;
			files = (
				BD99FEC72B600240006DADC9 /* CarCustomiserSwiftTests.swift in Sources */,
			);
			runOnlyForDeploymentPostprocessing = 0;
		};
		BD99FEC82B600240006DADC9 /* Sources */ = {
			isa = PBXSourcesBuildPhase;
			buildActionMask = 2147483647;
			files = (
				BD99FED12B600240006DADC9 /* CarCustomiserSwiftUITests.swift in Sources */,
				BD99FED32B600240006DADC9 /* CarCustomiserSwiftUITestsLaunchTests.swift in Sources */,
			);
			runOnlyForDeploymentPostprocessing = 0;
		};
/* End PBXSourcesBuildPhase section */

/* Begin PBXTargetDependency section */
		BD99FEC42B600240006DADC9 /* PBXTargetDependency */ = {
			isa = PBXTargetDependency;
			target = BD99FEB12B60023D006DADC9 /* CarCustomiserSwift */;
			targetProxy = BD99FEC32B600240006DADC9 /* PBXContainerItemProxy */;
		};
		BD99FECE2B600240006DADC9 /* PBXTargetDependency */ = {
			isa = PBXTargetDependency;
			target = BD99FEB12B60023D006DADC9 /* CarCustomiserSwift */;
			targetProxy = BD99FECD2B600240006DADC9 /* PBXContainerItemProxy */;
		};
/* End PBXTargetDependency section */

/* Begin XCBuildConfiguration section */
		BD99FED42B600240006DADC9 /* Debug */ = {
			isa = XCBuildConfiguration;
			buildSettings = {
				ALWAYS_SEARCH_USER_PATHS = NO;
				ASSETCATALOG_COMPILER_GENERATE_SWIFT_ASSET_SYMBOL_EXTENSIONS = YES;
				CLANG_ANALYZER_NONNULL = YES;
				CLANG_ANALYZER_NUMBER_OBJECT_CONVERSION = YES_AGGRESSIVE;
				CLANG_CXX_LANGUAGE_STANDARD = "gnu++20";
				CLANG_ENABLE_MODULES = YES;
				CLANG_ENABLE_OBJC_ARC = YES;
				CLANG_ENABLE_OBJC_WEAK = YES;
				CLANG_WARN_BLOCK_CAPTURE_AUTORELEASING = YES;
				CLANG_WARN_BOOL_CONVERSION = YES;
				CLANG_WARN_COMMA = YES;
				CLANG_WARN_CONSTANT_CONVERSION = YES;
				CLANG_WARN_DEPRECATED_OBJC_IMPLEMENTATIONS = YES;
				CLANG_WARN_DIRECT_OBJC_ISA_USAGE = YES_ERROR;
				CLANG_WARN_DOCUMENTATION_COMMENTS = YES;
				CLANG_WARN_EMPTY_BODY = YES;
				CLANG_WARN_ENUM_CONVERSION = YES;
				CLANG_WARN_INFINITE_RECURSION = YES;
				CLANG_WARN_INT_CONVERSION = YES;
				CLANG_WARN_NON_LITERAL_NULL_CONVERSION = YES;
				CLANG_WARN_OBJC_IMPLICIT_RETAIN_SELF = YES;
				CLANG_WARN_OBJC_LITERAL_CONVERSION = YES;
				CLANG_WARN_OBJC_ROOT_CLASS = YES_ERROR;
				CLANG_WARN_QUOTED_INCLUDE_IN_FRAMEWORK_HEADER = YES;
				CLANG_WARN_RANGE_LOOP_ANALYSIS = YES;
				CLANG_WARN_STRICT_PROTOTYPES = YES;
				CLANG_WARN_SUSPICIOUS_MOVE = YES;
				CLANG_WARN_UNGUARDED_AVAILABILITY = YES_AGGRESSIVE;
				CLANG_WARN_UNREACHABLE_CODE = YES;
				CLANG_WARN__DUPLICATE_METHOD_MATCH = YES;
				COPY_PHASE_STRIP = NO;
				DEBUG_INFORMATION_FORMAT = dwarf;
				ENABLE_STRICT_OBJC_MSGSEND = YES;
				ENABLE_TESTABILITY = YES;
				ENABLE_USER_SCRIPT_SANDBOXING = YES;
				GCC_C_LANGUAGE_STANDARD = gnu17;
				GCC_DYNAMIC_NO_PIC = NO;
				GCC_NO_COMMON_BLOCKS = YES;
				GCC_OPTIMIZATION_LEVEL = 0;
				GCC_PREPROCESSOR_DEFINITIONS = (
					"DEBUG=1",
					"$(inherited)",
				);
				GCC_WARN_64_TO_32_BIT_CONVERSION = YES;
				GCC_WARN_ABOUT_RETURN_TYPE = YES_ERROR;
				GCC_WARN_UNDECLARED_SELECTOR = YES;
				GCC_WARN_UNINITIALIZED_AUTOS = YES_AGGRESSIVE;
				GCC_WARN_UNUSED_FUNCTION = YES;
				GCC_WARN_UNUSED_VARIABLE = YES;
				IPHONEOS_DEPLOYMENT_TARGET = 17.2;
				LOCALIZATION_PREFERS_STRING_CATALOGS = YES;
				MTL_ENABLE_DEBUG_INFO = INCLUDE_SOURCE;
				MTL_FAST_MATH = YES;
				ONLY_ACTIVE_ARCH = YES;
				SDKROOT = iphoneos;
				SWIFT_ACTIVE_COMPILATION_CONDITIONS = "DEBUG $(inherited)";
				SWIFT_OPTIMIZATION_LEVEL = "-Onone";
			};
			name = Debug;
		};
		BD99FED52B600240006DADC9 /* Release */ = {
			isa = XCBuildConfiguration;
			buildSettings = {
				ALWAYS_SEARCH_USER_PATHS = NO;
				ASSETCATALOG_COMPILER_GENERATE_SWIFT_ASSET_SYMBOL_EXTENSIONS = YES;
				CLANG_ANALYZER_NONNULL = YES;
				CLANG_ANALYZER_NUMBER_OBJECT_CONVERSION = YES_AGGRESSIVE;
				CLANG_CXX_LANGUAGE_STANDARD = "gnu++20";
				CLANG_ENABLE_MODULES = YES;
				CLANG_ENABLE_OBJC_ARC = YES;
				CLANG_ENABLE_OBJC_WEAK = YES;
				CLANG_WARN_BLOCK_CAPTURE_AUTORELEASING = YES;
				CLANG_WARN_BOOL_CONVERSION = YES;
				CLANG_WARN_COMMA = YES;
				CLANG_WARN_CONSTANT_CONVERSION = YES;
				CLANG_WARN_DEPRECATED_OBJC_IMPLEMENTATIONS = YES;
				CLANG_WARN_DIRECT_OBJC_ISA_USAGE = YES_ERROR;
				CLANG_WARN_DOCUMENTATION_COMMENTS = YES;
				CLANG_WARN_EMPTY_BODY = YES;
				CLANG_WARN_ENUM_CONVERSION = YES;
				CLANG_WARN_INFINITE_RECURSION = YES;
				CLANG_WARN_INT_CONVERSION = YES;
				CLANG_WARN_NON_LITERAL_NULL_CONVERSION = YES;
				CLANG_WARN_OBJC_IMPLICIT_RETAIN_SELF = YES;
				CLANG_WARN_OBJC_LITERAL_CONVERSION = YES;
				CLANG_WARN_OBJC_ROOT_CLASS = YES_ERROR;
				CLANG_WARN_QUOTED_INCLUDE_IN_FRAMEWORK_HEADER = YES;
				CLANG_WARN_RANGE_LOOP_ANALYSIS = YES;
				CLANG_WARN_STRICT_PROTOTYPES = YES;
				CLANG_WARN_SUSPICIOUS_MOVE = YES;
				CLANG_WARN_UNGUARDED_AVAILABILITY = YES_AGGRESSIVE;
				CLANG_WARN_UNREACHABLE_CODE = YES;
				CLANG_WARN__DUPLICATE_METHOD_MATCH = YES;
				COPY_PHASE_STRIP = NO;
				DEBUG_INFORMATION_FORMAT = "dwarf-with-dsym";
				ENABLE_NS_ASSERTIONS = NO;
				ENABLE_STRICT_OBJC_MSGSEND = YES;
				ENABLE_USER_SCRIPT_SANDBOXING = YES;
				GCC_C_LANGUAGE_STANDARD = gnu17;
				GCC_NO_COMMON_BLOCKS = YES;
				GCC_WARN_64_TO_32_BIT_CONVERSION = YES;
				GCC_WARN_ABOUT_RETURN_TYPE = YES_ERROR;
				GCC_WARN_UNDECLARED_SELECTOR = YES;
				GCC_WARN_UNINITIALIZED_AUTOS = YES_AGGRESSIVE;
				GCC_WARN_UNUSED_FUNCTION = YES;
				GCC_WARN_UNUSED_VARIABLE = YES;
				IPHONEOS_DEPLOYMENT_TARGET = 17.2;
				LOCALIZATION_PREFERS_STRING_CATALOGS = YES;
				MTL_ENABLE_DEBUG_INFO = NO;
				MTL_FAST_MATH = YES;
				SDKROOT = iphoneos;
				SWIFT_COMPILATION_MODE = wholemodule;
				VALIDATE_PRODUCT = YES;
			};
			name = Release;
		};
		BD99FED72B600240006DADC9 /* Debug */ = {
			isa = XCBuildConfiguration;
			buildSettings = {
				ASSETCATALOG_COMPILER_APPICON_NAME = AppIcon;
				ASSETCATALOG_COMPILER_GLOBAL_ACCENT_COLOR_NAME = AccentColor;
				CODE_SIGN_STYLE = Automatic;
				CURRENT_PROJECT_VERSION = 1;
				DEVELOPMENT_ASSET_PATHS = "\"CarCustomiserSwift/Preview Content\"";
				ENABLE_PREVIEWS = YES;
				GENERATE_INFOPLIST_FILE = YES;
				INFOPLIST_KEY_UIApplicationSceneManifest_Generation = YES;
				INFOPLIST_KEY_UIApplicationSupportsIndirectInputEvents = YES;
				INFOPLIST_KEY_UILaunchScreen_Generation = YES;
				INFOPLIST_KEY_UISupportedInterfaceOrientations_iPad = "UIInterfaceOrientationPortrait UIInterfaceOrientationPortraitUpsideDown UIInterfaceOrientationLandscapeLeft UIInterfaceOrientationLandscapeRight";
				INFOPLIST_KEY_UISupportedInterfaceOrientations_iPhone = "UIInterfaceOrientationPortrait UIInterfaceOrientationLandscapeLeft UIInterfaceOrientationLandscapeRight";
				LD_RUNPATH_SEARCH_PATHS = (
					"$(inherited)",
					"@executable_path/Frameworks",
				);
				MARKETING_VERSION = 1.0;
				PRODUCT_BUNDLE_IDENTIFIER = com.mohamed.CarCustomiserSwift;
				PRODUCT_NAME = "$(TARGET_NAME)";
				SWIFT_EMIT_LOC_STRINGS = YES;
				SWIFT_VERSION = 5.0;
				TARGETED_DEVICE_FAMILY = "1,2";
			};
			name = Debug;
		};
		BD99FED82B600240006DADC9 /* Release */ = {
			isa = XCBuildConfiguration;
			buildSettings = {
				ASSETCATALOG_COMPILER_APPICON_NAME = AppIcon;
				ASSETCATALOG_COMPILER_GLOBAL_ACCENT_COLOR_NAME = AccentColor;
				CODE_SIGN_STYLE = Automatic;
				CURRENT_PROJECT_VERSION = 1;
				DEVELOPMENT_ASSET_PATHS = "\"CarCustomiserSwift/Preview Content\"";
				ENABLE_PREVIEWS = YES;
				GENERATE_INFOPLIST_FILE = YES;
				INFOPLIST_KEY_UIApplicationSceneManifest_Generation = YES;
				INFOPLIST_KEY_UIApplicationSupportsIndirectInputEvents = YES;
				INFOPLIST_KEY_UILaunchScreen_Generation = YES;
				INFOPLIST_KEY_UISupportedInterfaceOrientations_iPad = "UIInterfaceOrientationPortrait UIInterfaceOrientationPortraitUpsideDown UIInterfaceOrientationLandscapeLeft UIInterfaceOrientationLandscapeRight";
				INFOPLIST_KEY_UISupportedInterfaceOrientations_iPhone = "UIInterfaceOrientationPortrait UIInterfaceOrientationLandscapeLeft UIInterfaceOrientationLandscapeRight";
				LD_RUNPATH_SEARCH_PATHS = (
					"$(inherited)",
					"@executable_path/Frameworks",
				);
				MARKETING_VERSION = 1.0;
				PRODUCT_BUNDLE_IDENTIFIER = com.mohamed.CarCustomiserSwift;
				PRODUCT_NAME = "$(TARGET_NAME)";
				SWIFT_EMIT_LOC_STRINGS = YES;
				SWIFT_VERSION = 5.0;
				TARGETED_DEVICE_FAMILY = "1,2";
			};
			name = Release;
		};
		BD99FEDA2B600240006DADC9 /* Debug */ = {
			isa = XCBuildConfiguration;
			buildSettings = {
				ALWAYS_EMBED_SWIFT_STANDARD_LIBRARIES = YES;
				BUNDLE_LOADER = "$(TEST_HOST)";
				CODE_SIGN_STYLE = Automatic;
				CURRENT_PROJECT_VERSION = 1;
				GENERATE_INFOPLIST_FILE = YES;
				IPHONEOS_DEPLOYMENT_TARGET = 17.2;
				MARKETING_VERSION = 1.0;
				PRODUCT_BUNDLE_IDENTIFIER = com.mohamed.CarCustomiserSwiftTests;
				PRODUCT_NAME = "$(TARGET_NAME)";
				SWIFT_EMIT_LOC_STRINGS = NO;
				SWIFT_VERSION = 5.0;
				TARGETED_DEVICE_FAMILY = "1,2";
				TEST_HOST = "$(BUILT_PRODUCTS_DIR)/CarCustomiserSwift.app/$(BUNDLE_EXECUTABLE_FOLDER_PATH)/CarCustomiserSwift";
			};
			name = Debug;
		};
		BD99FEDB2B600240006DADC9 /* Release */ = {
			isa = XCBuildConfiguration;
			buildSettings = {
				ALWAYS_EMBED_SWIFT_STANDARD_LIBRARIES = YES;
				BUNDLE_LOADER = "$(TEST_HOST)";
				CODE_SIGN_STYLE = Automatic;
				CURRENT_PROJECT_VERSION = 1;
				GENERATE_INFOPLIST_FILE = YES;
				IPHONEOS_DEPLOYMENT_TARGET = 17.2;
				MARKETING_VERSION = 1.0;
				PRODUCT_BUNDLE_IDENTIFIER = com.mohamed.CarCustomiserSwiftTests;
				PRODUCT_NAME = "$(TARGET_NAME)";
				SWIFT_EMIT_LOC_STRINGS = NO;
				SWIFT_VERSION = 5.0;
				TARGETED_DEVICE_FAMILY = "1,2";
				TEST_HOST = "$(BUILT_PRODUCTS_DIR)/CarCustomiserSwift.app/$(BUNDLE_EXECUTABLE_FOLDER_PATH)/CarCustomiserSwift";
			};
			name = Release;
		};
		BD99FEDD2B600240006DADC9 /* Debug */ = {
			isa = XCBuildConfiguration;
			buildSettings = {
				ALWAYS_EMBED_SWIFT_STANDARD_LIBRARIES = YES;
				CODE_SIGN_STYLE = Automatic;
				CURRENT_PROJECT_VERSION = 1;
				GENERATE_INFOPLIST_FILE = YES;
				MARKETING_VERSION = 1.0;
				PRODUCT_BUNDLE_IDENTIFIER = com.mohamed.CarCustomiserSwiftUITests;
				PRODUCT_NAME = "$(TARGET_NAME)";
				SWIFT_EMIT_LOC_STRINGS = NO;
				SWIFT_VERSION = 5.0;
				TARGETED_DEVICE_FAMILY = "1,2";
				TEST_TARGET_NAME = CarCustomiserSwift;
			};
			name = Debug;
		};
		BD99FEDE2B600240006DADC9 /* Release */ = {
			isa = XCBuildConfiguration;
			buildSettings = {
				ALWAYS_EMBED_SWIFT_STANDARD_LIBRARIES = YES;
				CODE_SIGN_STYLE = Automatic;
				CURRENT_PROJECT_VERSION = 1;
				GENERATE_INFOPLIST_FILE = YES;
				MARKETING_VERSION = 1.0;
				PRODUCT_BUNDLE_IDENTIFIER = com.mohamed.CarCustomiserSwiftUITests;
				PRODUCT_NAME = "$(TARGET_NAME)";
				SWIFT_EMIT_LOC_STRINGS = NO;
				SWIFT_VERSION = 5.0;
				TARGETED_DEVICE_FAMILY = "1,2";
				TEST_TARGET_NAME = CarCustomiserSwift;
			};
			name = Release;
		};
/* End XCBuildConfiguration section */

/* Begin XCConfigurationList section */
		BD99FEAD2B60023D006DADC9 /* Build configuration list for PBXProject "CarCustomiserSwift" */ = {
			isa = XCConfigurationList;
			buildConfigurations = (
				BD99FED42B600240006DADC9 /* Debug */,
				BD99FED52B600240006DADC9 /* Release */,
			);
			defaultConfigurationIsVisible = 0;
			defaultConfigurationName = Release;
		};
		BD99FED62B600240006DADC9 /* Build configuration list for PBXNativeTarget "CarCustomiserSwift" */ = {
			isa = XCConfigurationList;
			buildConfigurations = (
				BD99FED72B600240006DADC9 /* Debug */,
				BD99FED82B600240006DADC9 /* Release */,
			);
			defaultConfigurationIsVisible = 0;
			defaultConfigurationName = Release;
		};
		BD99FED92B600240006DADC9 /* Build configuration list for PBXNativeTarget "CarCustomiserSwiftTests" */ = {
			isa = XCConfigurationList;
			buildConfigurations = (
				BD99FEDA2B600240006DADC9 /* Debug */,
				BD99FEDB2B600240006DADC9 /* Release */,
			);
			defaultConfigurationIsVisible = 0;
			defaultConfigurationName = Release;
		};
		BD99FEDC2B600240006DADC9 /* Build configuration list for PBXNativeTarget "CarCustomiserSwiftUITests" */ = {
			isa = XCConfigurationList;
			buildConfigurations = (
				BD99FEDD2B600240006DADC9 /* Debug */,
				BD99FEDE2B600240006DADC9 /* Release */,
			);
			defaultConfigurationIsVisible = 0;
			defaultConfigurationName = Release;
		};
/* End XCConfigurationList section */
	};
	rootObject = BD99FEAA2B60023D006DADC9 /* Project object */;
}
